
Microsoft Visual Studio Solution File, Format Version 12.00
# Visual Studio 15
VisualStudioVersion = 15.0.27004.2009
MinimumVisualStudioVersion = 10.0.40219.1
Project("{FAE04EC0-301F-11D3-BF4B-00C04F79EFBC}") = "FinanceManager.Android", "FinanceManager\FinanceManager.Android\FinanceManager.Android.csproj", "{80F1E7EE-A537-4DF3-A86A-27117DDAA995}"
EndProject
Project("{FAE04EC0-301F-11D3-BF4B-00C04F79EFBC}") = "FinanceManager", "FinanceManager\FinanceManager\FinanceManager.csproj", "{0A21577F-732F-4FE8-9655-80E7426AB95D}"
EndProject
Project("{FAE04EC0-301F-11D3-BF4B-00C04F79EFBC}") = "FinanceManager.iOS", "FinanceManager\FinanceManager.iOS\FinanceManager.iOS.csproj", "{97F583A1-0EAF-459C-AC3F-945C3ABF8633}"
EndProject
Global
	GlobalSection(SolutionConfigurationPlatforms) = preSolution
		Ad-Hoc|Any CPU = Ad-Hoc|Any CPU
		Ad-Hoc|iPhone = Ad-Hoc|iPhone
		Ad-Hoc|iPhoneSimulator = Ad-Hoc|iPhoneSimulator
		AppStore|Any CPU = AppStore|Any CPU
		AppStore|iPhone = AppStore|iPhone
		AppStore|iPhoneSimulator = AppStore|iPhoneSimulator
		Debug|Any CPU = Debug|Any CPU
		Debug|iPhone = Debug|iPhone
		Debug|iPhoneSimulator = Debug|iPhoneSimulator
		Release|Any CPU = Release|Any CPU
		Release|iPhone = Release|iPhone
		Release|iPhoneSimulator = Release|iPhoneSimulator
	EndGlobalSection
	GlobalSection(ProjectConfigurationPlatforms) = postSolution
		{80F1E7EE-A537-4DF3-A86A-27117DDAA995}.Ad-Hoc|Any CPU.ActiveCfg = Release|Any CPU
		{80F1E7EE-A537-4DF3-A86A-27117DDAA995}.Ad-Hoc|Any CPU.Build.0 = Release|Any CPU
		{80F1E7EE-A537-4DF3-A86A-27117DDAA995}.Ad-Hoc|Any CPU.Deploy.0 = Release|Any CPU
		{80F1E7EE-A537-4DF3-A86A-27117DDAA995}.Ad-Hoc|iPhone.ActiveCfg = Release|Any CPU
		{80F1E7EE-A537-4DF3-A86A-27117DDAA995}.Ad-Hoc|iPhone.Build.0 = Release|Any CPU
		{80F1E7EE-A537-4DF3-A86A-27117DDAA995}.Ad-Hoc|iPhone.Deploy.0 = Release|Any CPU
		{80F1E7EE-A537-4DF3-A86A-27117DDAA995}.Ad-Hoc|iPhoneSimulator.ActiveCfg = Release|Any CPU
		{80F1E7EE-A537-4DF3-A86A-27117DDAA995}.Ad-Hoc|iPhoneSimulator.Build.0 = Release|Any CPU
		{80F1E7EE-A537-4DF3-A86A-27117DDAA995}.Ad-Hoc|iPhoneSimulator.Deploy.0 = Release|Any CPU
		{80F1E7EE-A537-4DF3-A86A-27117DDAA995}.AppStore|Any CPU.ActiveCfg = Release|Any CPU
		{80F1E7EE-A537-4DF3-A86A-27117DDAA995}.AppStore|Any CPU.Build.0 = Release|Any CPU
		{80F1E7EE-A537-4DF3-A86A-27117DDAA995}.AppStore|Any CPU.Deploy.0 = Release|Any CPU
		{80F1E7EE-A537-4DF3-A86A-27117DDAA995}.AppStore|iPhone.ActiveCfg = Release|Any CPU
		{80F1E7EE-A537-4DF3-A86A-27117DDAA995}.AppStore|iPhone.Build.0 = Release|Any CPU
		{80F1E7EE-A537-4DF3-A86A-27117DDAA995}.AppStore|iPhone.Deploy.0 = Release|Any CPU
		{80F1E7EE-A537-4DF3-A86A-27117DDAA995}.AppStore|iPhoneSimulator.ActiveCfg = Release|Any CPU
		{80F1E7EE-A537-4DF3-A86A-27117DDAA995}.AppStore|iPhoneSimulator.Build.0 = Release|Any CPU
		{80F1E7EE-A537-4DF3-A86A-27117DDAA995}.AppStore|iPhoneSimulator.Deploy.0 = Release|Any CPU
		{80F1E7EE-A537-4DF3-A86A-27117DDAA995}.Debug|Any CPU.ActiveCfg = Debug|Any CPU
		{80F1E7EE-A537-4DF3-A86A-27117DDAA995}.Debug|Any CPU.Build.0 = Debug|Any CPU
		{80F1E7EE-A537-4DF3-A86A-27117DDAA995}.Debug|Any CPU.Deploy.0 = Debug|Any CPU
		{80F1E7EE-A537-4DF3-A86A-27117DDAA995}.Debug|iPhone.ActiveCfg = Debug|Any CPU
		{80F1E7EE-A537-4DF3-A86A-27117DDAA995}.Debug|iPhone.Build.0 = Debug|Any CPU
		{80F1E7EE-A537-4DF3-A86A-27117DDAA995}.Debug|iPhone.Deploy.0 = Debug|Any CPU
		{80F1E7EE-A537-4DF3-A86A-27117DDAA995}.Debug|iPhoneSimulator.ActiveCfg = Debug|Any CPU
		{80F1E7EE-A537-4DF3-A86A-27117DDAA995}.Debug|iPhoneSimulator.Build.0 = Debug|Any CPU
		{80F1E7EE-A537-4DF3-A86A-27117DDAA995}.Debug|iPhoneSimulator.Deploy.0 = Debug|Any CPU
		{80F1E7EE-A537-4DF3-A86A-27117DDAA995}.Release|Any CPU.ActiveCfg = Release|Any CPU
		{80F1E7EE-A537-4DF3-A86A-27117DDAA995}.Release|Any CPU.Build.0 = Release|Any CPU
		{80F1E7EE-A537-4DF3-A86A-27117DDAA995}.Release|Any CPU.Deploy.0 = Release|Any CPU
		{80F1E7EE-A537-4DF3-A86A-27117DDAA995}.Release|iPhone.ActiveCfg = Release|Any CPU
		{80F1E7EE-A537-4DF3-A86A-27117DDAA995}.Release|iPhone.Build.0 = Release|Any CPU
		{80F1E7EE-A537-4DF3-A86A-27117DDAA995}.Release|iPhone.Deploy.0 = Release|Any CPU
		{80F1E7EE-A537-4DF3-A86A-27117DDAA995}.Release|iPhoneSimulator.ActiveCfg = Release|Any CPU
		{80F1E7EE-A537-4DF3-A86A-27117DDAA995}.Release|iPhoneSimulator.Build.0 = Release|Any CPU
		{80F1E7EE-A537-4DF3-A86A-27117DDAA995}.Release|iPhoneSimulator.Deploy.0 = Release|Any CPU
		{0A21577F-732F-4FE8-9655-80E7426AB95D}.Ad-Hoc|Any CPU.ActiveCfg = Release|Any CPU
		{0A21577F-732F-4FE8-9655-80E7426AB95D}.Ad-Hoc|Any CPU.Build.0 = Release|Any CPU
		{0A21577F-732F-4FE8-9655-80E7426AB95D}.Ad-Hoc|iPhone.ActiveCfg = Release|Any CPU
		{0A21577F-732F-4FE8-9655-80E7426AB95D}.Ad-Hoc|iPhone.Build.0 = Release|Any CPU
		{0A21577F-732F-4FE8-9655-80E7426AB95D}.Ad-Hoc|iPhoneSimulator.ActiveCfg = Release|Any CPU
		{0A21577F-732F-4FE8-9655-80E7426AB95D}.Ad-Hoc|iPhoneSimulator.Build.0 = Release|Any CPU
		{0A21577F-732F-4FE8-9655-80E7426AB95D}.AppStore|Any CPU.ActiveCfg = Release|Any CPU
		{0A21577F-732F-4FE8-9655-80E7426AB95D}.AppStore|Any CPU.Build.0 = Release|Any CPU
		{0A21577F-732F-4FE8-9655-80E7426AB95D}.AppStore|iPhone.ActiveCfg = Release|Any CPU
		{0A21577F-732F-4FE8-9655-80E7426AB95D}.AppStore|iPhone.Build.0 = Release|Any CPU
		{0A21577F-732F-4FE8-9655-80E7426AB95D}.AppStore|iPhoneSimulator.ActiveCfg = Release|Any CPU
		{0A21577F-732F-4FE8-9655-80E7426AB95D}.AppStore|iPhoneSimulator.Build.0 = Release|Any CPU
		{0A21577F-732F-4FE8-9655-80E7426AB95D}.Debug|Any CPU.ActiveCfg = Debug|Any CPU
		{0A21577F-732F-4FE8-9655-80E7426AB95D}.Debug|Any CPU.Build.0 = Debug|Any CPU
		{0A21577F-732F-4FE8-9655-80E7426AB95D}.Debug|iPhone.ActiveCfg = Debug|Any CPU
		{0A21577F-732F-4FE8-9655-80E7426AB95D}.Debug|iPhone.Build.0 = Debug|Any CPU
		{0A21577F-732F-4FE8-9655-80E7426AB95D}.Debug|iPhoneSimulator.ActiveCfg = Debug|Any CPU
		{0A21577F-732F-4FE8-9655-80E7426AB95D}.Debug|iPhoneSimulator.Build.0 = Debug|Any CPU
		{0A21577F-732F-4FE8-9655-80E7426AB95D}.Release|Any CPU.ActiveCfg = Release|Any CPU
		{0A21577F-732F-4FE8-9655-80E7426AB95D}.Release|Any CPU.Build.0 = Release|Any CPU
		{0A21577F-732F-4FE8-9655-80E7426AB95D}.Release|iPhone.ActiveCfg = Release|Any CPU
		{0A21577F-732F-4FE8-9655-80E7426AB95D}.Release|iPhone.Build.0 = Release|Any CPU
		{0A21577F-732F-4FE8-9655-80E7426AB95D}.Release|iPhoneSimulator.ActiveCfg = Release|Any CPU
		{0A21577F-732F-4FE8-9655-80E7426AB95D}.Release|iPhoneSimulator.Build.0 = Release|Any CPU
		{97F583A1-0EAF-459C-AC3F-945C3ABF8633}.Ad-Hoc|Any CPU.ActiveCfg = Ad-Hoc|iPhoneSimulator
		{97F583A1-0EAF-459C-AC3F-945C3ABF8633}.Ad-Hoc|iPhone.ActiveCfg = Ad-Hoc|iPhone
		{97F583A1-0EAF-459C-AC3F-945C3ABF8633}.Ad-Hoc|iPhone.Build.0 = Ad-Hoc|iPhone
		{97F583A1-0EAF-459C-AC3F-945C3ABF8633}.Ad-Hoc|iPhoneSimulator.ActiveCfg = Ad-Hoc|iPhoneSimulator
		{97F583A1-0EAF-459C-AC3F-945C3ABF8633}.Ad-Hoc|iPhoneSimulator.Build.0 = Ad-Hoc|iPhoneSimulator
		{97F583A1-0EAF-459C-AC3F-945C3ABF8633}.AppStore|Any CPU.ActiveCfg = AppStore|iPhoneSimulator
		{97F583A1-0EAF-459C-AC3F-945C3ABF8633}.AppStore|iPhone.ActiveCfg = AppStore|iPhone
		{97F583A1-0EAF-459C-AC3F-945C3ABF8633}.AppStore|iPhone.Build.0 = AppStore|iPhone
		{97F583A1-0EAF-459C-AC3F-945C3ABF8633}.AppStore|iPhoneSimulator.ActiveCfg = AppStore|iPhoneSimulator
		{97F583A1-0EAF-459C-AC3F-945C3ABF8633}.AppStore|iPhoneSimulator.Build.0 = AppStore|iPhoneSimulator
		{97F583A1-0EAF-459C-AC3F-945C3ABF8633}.Debug|Any CPU.ActiveCfg = Debug|iPhoneSimulator
		{97F583A1-0EAF-459C-AC3F-945C3ABF8633}.Debug|iPhone.ActiveCfg = Debug|iPhone
		{97F583A1-0EAF-459C-AC3F-945C3ABF8633}.Debug|iPhone.Build.0 = Debug|iPhone
		{97F583A1-0EAF-459C-AC3F-945C3ABF8633}.Debug|iPhoneSimulator.ActiveCfg = Debug|iPhoneSimulator
		{97F583A1-0EAF-459C-AC3F-945C3ABF8633}.Debug|iPhoneSimulator.Build.0 = Debug|iPhoneSimulator
		{97F583A1-0EAF-459C-AC3F-945C3ABF8633}.Release|Any CPU.ActiveCfg = Release|iPhoneSimulator
		{97F583A1-0EAF-459C-AC3F-945C3ABF8633}.Release|iPhone.ActiveCfg = Release|iPhone
		{97F583A1-0EAF-459C-AC3F-945C3ABF8633}.Release|iPhone.Build.0 = Release|iPhone
		{97F583A1-0EAF-459C-AC3F-945C3ABF8633}.Release|iPhoneSimulator.ActiveCfg = Release|iPhoneSimulator
		{97F583A1-0EAF-459C-AC3F-945C3ABF8633}.Release|iPhoneSimulator.Build.0 = Release|iPhoneSimulator
	EndGlobalSection
	GlobalSection(SolutionProperties) = preSolution
		HideSolutionNode = FALSE
	EndGlobalSection
	GlobalSection(ExtensibilityGlobals) = postSolution
		SolutionGuid = {C3925B45-C9B9-41DB-84B2-9FB91B8A5B28}
	EndGlobalSection
EndGlobal
